
Microsoft Visual Studio Solution File, Format Version 12.00
# Visual Studio Version 17
VisualStudioVersion = 17.10.34928.147
MinimumVisualStudioVersion = 10.0.40219.1
Project("{FAE04EC0-301F-11D3-BF4B-00C04F79EFBC}") = "Assignment5.1.3", "Assignment5.1.3.csproj", "{8BA92E12-46B3-4787-990B-D401EB5F7FEC}"
EndProject
Global
	GlobalSection(SolutionConfigurationPlatforms) = preSolution
		Debug|Any CPU = Debug|Any CPU
		Release|Any CPU = Release|Any CPU
	EndGlobalSection
	GlobalSection(ProjectConfigurationPlatforms) = postSolution
		{8BA92E12-46B3-4787-990B-D401EB5F7FEC}.Debug|Any CPU.ActiveCfg = Debug|Any CPU
		{8BA92E12-46B3-4787-990B-D401EB5F7FEC}.Debug|Any CPU.Build.0 = Debug|Any CPU
		{8BA92E12-46B3-4787-990B-D401EB5F7FEC}.Release|Any CPU.ActiveCfg = Release|Any CPU
		{8BA92E12-46B3-4787-990B-D401EB5F7FEC}.Release|Any CPU.Build.0 = Release|Any CPU
	EndGlobalSection
	GlobalSection(SolutionProperties) = preSolution
		HideSolutionNode = FALSE
	EndGlobalSection
	GlobalSection(ExtensibilityGlobals) = postSolution
		SolutionGuid = {846788A2-E9CA-4392-AB68-D27EB63729EF}
	EndGlobalSection
EndGlobal
